{
  "name": "neuronal-motifs",
  "lockfileVersion": 2,
  "requires": true,
  "packages": {
    "": {
      "dependencies": {
        "meshline": "^2.0.4",
        "three.meshline": "^1.4.0"
      }
    },
    "node_modules/meshline": {
      "version": "2.0.4",
      "resolved": "https://registry.npmjs.org/meshline/-/meshline-2.0.4.tgz",
      "integrity": "sha512-Jh6DJl/zLqA4xsKvGv5950jr2ukyXQE1wgxs8u94cImHrvL6soVIggqjP+2hVHZXGYaKnWszhtjuCbKNeQyYiw==",
      "peerDependencies": {
        "three": ">=0.137"
      }
    },
    "node_modules/three": {
      "version": "0.145.0",
      "resolved": "https://registry.npmjs.org/three/-/three-0.145.0.tgz",
      "integrity": "sha512-EKoHQEtEJ4CB6b2BGMBgLZrfwLjXcSUfoI/MiIXUuRpeYsfK5aPWbYhdtIVWOH+x6X0TouldHKHBuc/LAiFzAw==",
      "peer": true
    },
    "node_modules/three.meshline": {
      "version": "1.4.0",
      "resolved": "https://registry.npmjs.org/three.meshline/-/three.meshline-1.4.0.tgz",
      "integrity": "sha512-A8IsiMrWP8zmHisGDAJ76ZD7t/dOF/oCe/FUKNE6Bu01ZYEx8N6IlU/1Plb2aOZtAuWM2A8s8qS3hvY0OFuvOw=="
    }
  },
  "dependencies": {
    "meshline": {
      "version": "2.0.4",
      "resolved": "https://registry.npmjs.org/meshline/-/meshline-2.0.4.tgz",
      "integrity": "sha512-Jh6DJl/zLqA4xsKvGv5950jr2ukyXQE1wgxs8u94cImHrvL6soVIggqjP+2hVHZXGYaKnWszhtjuCbKNeQyYiw==",
      "requires": {}
    },
    "three": {
      "version": "0.145.0",
      "resolved": "https://registry.npmjs.org/three/-/three-0.145.0.tgz",
      "integrity": "sha512-EKoHQEtEJ4CB6b2BGMBgLZrfwLjXcSUfoI/MiIXUuRpeYsfK5aPWbYhdtIVWOH+x6X0TouldHKHBuc/LAiFzAw==",
      "peer": true
    },
    "three.meshline": {
      "version": "1.4.0",
      "resolved": "https://registry.npmjs.org/three.meshline/-/three.meshline-1.4.0.tgz",
      "integrity": "sha512-A8IsiMrWP8zmHisGDAJ76ZD7t/dOF/oCe/FUKNE6Bu01ZYEx8N6IlU/1Plb2aOZtAuWM2A8s8qS3hvY0OFuvOw=="
    }
  }
}
