{
  "requires": true,
  "lockfileVersion": 1,
  "dependencies": {
    "cytoscape": {
      "version": "3.23.0",
      "resolved": "https://registry.npmjs.org/cytoscape/-/cytoscape-3.23.0.tgz",
      "integrity": "sha512-gRZqJj/1kiAVPkrVFvz/GccxsXhF3Qwpptl32gKKypO4IlqnKBjTOu+HbXtEggSGzC5KCaHp3/F7GgENrtsFkA==",
      "requires": {
        "heap": "^0.2.6",
        "lodash": "^4.17.21"
      }
    },
    "heap": {
      "version": "0.2.7",
      "resolved": "https://registry.npmjs.org/heap/-/heap-0.2.7.tgz",
      "integrity": "sha512-2bsegYkkHO+h/9MGbn6KWcE45cHZgPANo5LXF7EvWdT0yT2EguSVO1nDgU5c8+ZOPwp2vMNa7YFsJhVcDR9Sdg=="
    },
    "lodash": {
      "version": "4.17.21",
      "resolved": "https://registry.npmjs.org/lodash/-/lodash-4.17.21.tgz",
      "integrity": "sha512-v2kDEe57lecTulaDIuNTPy3Ry4gLGJ6Z1O3vE1krgXZNrsQ+LFTGHVxVjcXPs17LhbZVGedAJv8XZ1tvj5FvSg=="
    }
  }
}
